
Microsoft Visual Studio Solution File, Format Version 12.00
# Visual Studio Version 17
VisualStudioVersion = 17.10.35013.160
MinimumVisualStudioVersion = 10.0.40219.1
Project("{54A90642-561A-4BB1-A94E-469ADEE60C69}") = "gerenciador-clientes.frontend", "frontend\gerenciador-clientes.frontend\gerenciador-clientes.frontend.esproj", "{8E619DB9-43C0-40D4-B3C0-192E982A689D}"
EndProject
Project("{9A19103F-16F7-4668-BE54-9A1E7A4F7556}") = "GerenciadorClientes.Api", "backend\GerenciadorClientes.Api\GerenciadorClientes.Api.csproj", "{0E2EBB3C-1F29-4DC5-A205-A1D7132A6740}"
EndProject
Project("{2150E333-8FDC-42A3-9474-1A3956D46DE8}") = "BackEnd", "BackEnd", "{319DFCE8-C404-4FE7-B2A1-C97284089B99}"
EndProject
Project("{2150E333-8FDC-42A3-9474-1A3956D46DE8}") = "FrontEnd", "FrontEnd", "{BF66BB8F-CB1C-4EF9-8D17-70A18FB2D221}"
EndProject
Project("{9A19103F-16F7-4668-BE54-9A1E7A4F7556}") = "GerenciadorClientes.Application", "backend\GerenciadorClientes.Application\GerenciadorClientes.Application.csproj", "{964A0FAF-3536-4616-B253-F9CD3A68C273}"
EndProject
Project("{9A19103F-16F7-4668-BE54-9A1E7A4F7556}") = "GerenciadorClientes.Domain", "backend\GerenciadorClientes.Domain\GerenciadorClientes.Domain.csproj", "{E630B5FF-3FEC-434D-BBC7-4991A991800D}"
EndProject
Project("{9A19103F-16F7-4668-BE54-9A1E7A4F7556}") = "GerenciadorClientes.Infrastructure", "backend\GerenciadorClientes.Infrastructure\GerenciadorClientes.Infrastructure.csproj", "{A7D52C1E-D281-4492-8AD0-6008098CCA9C}"
EndProject
Global
	GlobalSection(SolutionConfigurationPlatforms) = preSolution
		Debug|Any CPU = Debug|Any CPU
		Release|Any CPU = Release|Any CPU
	EndGlobalSection
	GlobalSection(ProjectConfigurationPlatforms) = postSolution
		{8E619DB9-43C0-40D4-B3C0-192E982A689D}.Debug|Any CPU.ActiveCfg = Debug|Any CPU
		{8E619DB9-43C0-40D4-B3C0-192E982A689D}.Debug|Any CPU.Build.0 = Debug|Any CPU
		{8E619DB9-43C0-40D4-B3C0-192E982A689D}.Debug|Any CPU.Deploy.0 = Debug|Any CPU
		{8E619DB9-43C0-40D4-B3C0-192E982A689D}.Release|Any CPU.ActiveCfg = Release|Any CPU
		{8E619DB9-43C0-40D4-B3C0-192E982A689D}.Release|Any CPU.Build.0 = Release|Any CPU
		{8E619DB9-43C0-40D4-B3C0-192E982A689D}.Release|Any CPU.Deploy.0 = Release|Any CPU
		{0E2EBB3C-1F29-4DC5-A205-A1D7132A6740}.Debug|Any CPU.ActiveCfg = Debug|Any CPU
		{0E2EBB3C-1F29-4DC5-A205-A1D7132A6740}.Debug|Any CPU.Build.0 = Debug|Any CPU
		{0E2EBB3C-1F29-4DC5-A205-A1D7132A6740}.Release|Any CPU.ActiveCfg = Release|Any CPU
		{0E2EBB3C-1F29-4DC5-A205-A1D7132A6740}.Release|Any CPU.Build.0 = Release|Any CPU
		{964A0FAF-3536-4616-B253-F9CD3A68C273}.Debug|Any CPU.ActiveCfg = Debug|Any CPU
		{964A0FAF-3536-4616-B253-F9CD3A68C273}.Debug|Any CPU.Build.0 = Debug|Any CPU
		{964A0FAF-3536-4616-B253-F9CD3A68C273}.Release|Any CPU.ActiveCfg = Release|Any CPU
		{964A0FAF-3536-4616-B253-F9CD3A68C273}.Release|Any CPU.Build.0 = Release|Any CPU
		{E630B5FF-3FEC-434D-BBC7-4991A991800D}.Debug|Any CPU.ActiveCfg = Debug|Any CPU
		{E630B5FF-3FEC-434D-BBC7-4991A991800D}.Debug|Any CPU.Build.0 = Debug|Any CPU
		{E630B5FF-3FEC-434D-BBC7-4991A991800D}.Release|Any CPU.ActiveCfg = Release|Any CPU
		{E630B5FF-3FEC-434D-BBC7-4991A991800D}.Release|Any CPU.Build.0 = Release|Any CPU
		{A7D52C1E-D281-4492-8AD0-6008098CCA9C}.Debug|Any CPU.ActiveCfg = Debug|Any CPU
		{A7D52C1E-D281-4492-8AD0-6008098CCA9C}.Debug|Any CPU.Build.0 = Debug|Any CPU
		{A7D52C1E-D281-4492-8AD0-6008098CCA9C}.Release|Any CPU.ActiveCfg = Release|Any CPU
		{A7D52C1E-D281-4492-8AD0-6008098CCA9C}.Release|Any CPU.Build.0 = Release|Any CPU
	EndGlobalSection
	GlobalSection(SolutionProperties) = preSolution
		HideSolutionNode = FALSE
	EndGlobalSection
	GlobalSection(NestedProjects) = preSolution
		{8E619DB9-43C0-40D4-B3C0-192E982A689D} = {BF66BB8F-CB1C-4EF9-8D17-70A18FB2D221}
		{0E2EBB3C-1F29-4DC5-A205-A1D7132A6740} = {319DFCE8-C404-4FE7-B2A1-C97284089B99}
		{964A0FAF-3536-4616-B253-F9CD3A68C273} = {319DFCE8-C404-4FE7-B2A1-C97284089B99}
		{E630B5FF-3FEC-434D-BBC7-4991A991800D} = {319DFCE8-C404-4FE7-B2A1-C97284089B99}
		{A7D52C1E-D281-4492-8AD0-6008098CCA9C} = {319DFCE8-C404-4FE7-B2A1-C97284089B99}
	EndGlobalSection
	GlobalSection(ExtensibilityGlobals) = postSolution
		SolutionGuid = {F6746C53-2DBA-4BC1-A267-6EEAF653D553}
	EndGlobalSection
EndGlobal
